{
  "version": 4,
  "terraform_version": "1.1.9",
  "serial": 104,
  "lineage": "90591213-3568-f3b5-a6ca-8dffa1be5c45",
  "outputs": {},
  "resources": [
    {
      "mode": "managed",
      "type": "aws_ecs_cluster",
      "name": "dash-ecs-cluster",
      "provider": "provider[\"registry.terraform.io/hashicorp/aws\"]",
      "instances": [
        {
          "schema_version": 0,
          "attributes": {
            "arn": "arn:aws:ecs:eu-west-1:734486874644:cluster/dash-ecs-cluster",
            "capacity_providers": [
              "FARGATE"
            ],
            "configuration": [],
            "default_capacity_provider_strategy": [
              {
                "base": 1,
                "capacity_provider": "FARGATE",
                "weight": 100
              }
            ],
            "id": "arn:aws:ecs:eu-west-1:734486874644:cluster/dash-ecs-cluster",
            "name": "dash-ecs-cluster",
            "setting": [
              {
                "name": "containerInsights",
                "value": "disabled"
              }
            ],
            "tags": {},
            "tags_all": {}
          },
          "sensitive_attributes": [],
          "private": "bnVsbA=="
        }
      ]
    },
    {
      "mode": "managed",
      "type": "aws_ecs_cluster_capacity_providers",
      "name": "dash-ecs-cluster",
      "provider": "provider[\"registry.terraform.io/hashicorp/aws\"]",
      "instances": [
        {
          "schema_version": 0,
          "attributes": {
            "capacity_providers": [
              "FARGATE"
            ],
            "cluster_name": "dash-ecs-cluster",
            "default_capacity_provider_strategy": [
              {
                "base": 1,
                "capacity_provider": "FARGATE",
                "weight": 100
              }
            ],
            "id": "dash-ecs-cluster"
          },
          "sensitive_attributes": [],
          "private": "bnVsbA==",
          "dependencies": [
            "aws_ecs_cluster.dash-ecs-cluster"
          ]
        }
      ]
    },
    {
      "mode": "managed",
      "type": "aws_ecs_task_definition",
      "name": "dash-app-1",
      "provider": "provider[\"registry.terraform.io/hashicorp/aws\"]",
      "instances": [
        {
          "schema_version": 1,
          "attributes": {
            "arn": "arn:aws:ecs:eu-west-1:734486874644:task-definition/dash-app-1:21",
            "container_definitions": "[{\"cpu\":0,\"environment\":[{\"name\":\"PORT\",\"value\":\"8050\"}],\"essential\":true,\"image\":\"montumodi/test-dash\",\"mountPoints\":[],\"name\":\"dash-app-1\",\"portMappings\":[{\"containerPort\":8050,\"hostPort\":8050,\"protocol\":\"tcp\"}],\"volumesFrom\":[]}]",
            "cpu": "512",
            "ephemeral_storage": [],
            "execution_role_arn": "",
            "family": "dash-app-1",
            "id": "dash-app-1",
            "inference_accelerator": [],
            "ipc_mode": "",
            "memory": "1024",
            "network_mode": "awsvpc",
            "pid_mode": "",
            "placement_constraints": [],
            "proxy_configuration": [],
            "requires_compatibilities": [
              "FARGATE"
            ],
            "revision": 21,
            "runtime_platform": [],
            "skip_destroy": false,
            "tags": {},
            "tags_all": {},
            "task_role_arn": "",
            "volume": []
          },
          "sensitive_attributes": [],
          "private": "eyJzY2hlbWFfdmVyc2lvbiI6IjEifQ=="
        }
      ]
    },
    {
      "mode": "managed",
      "type": "aws_ecs_task_definition",
      "name": "dash-app-2",
      "provider": "provider[\"registry.terraform.io/hashicorp/aws\"]",
      "instances": [
        {
          "schema_version": 1,
          "attributes": {
            "arn": "arn:aws:ecs:eu-west-1:734486874644:task-definition/dash-app-2:18",
            "container_definitions": "[{\"cpu\":0,\"environment\":[{\"name\":\"PORT\",\"value\":\"8050\"}],\"essential\":true,\"image\":\"montumodi/test-dash-v2\",\"mountPoints\":[],\"name\":\"dash-app-2\",\"portMappings\":[{\"containerPort\":8050,\"hostPort\":8050,\"protocol\":\"tcp\"}],\"volumesFrom\":[]}]",
            "cpu": "512",
            "ephemeral_storage": [],
            "execution_role_arn": "",
            "family": "dash-app-2",
            "id": "dash-app-2",
            "inference_accelerator": [],
            "ipc_mode": "",
            "memory": "1024",
            "network_mode": "awsvpc",
            "pid_mode": "",
            "placement_constraints": [],
            "proxy_configuration": [],
            "requires_compatibilities": [
              "FARGATE"
            ],
            "revision": 18,
            "runtime_platform": [],
            "skip_destroy": false,
            "tags": {},
            "tags_all": {},
            "task_role_arn": "",
            "volume": []
          },
          "sensitive_attributes": [],
          "private": "eyJzY2hlbWFfdmVyc2lvbiI6IjEifQ=="
        }
      ]
    },
    {
      "mode": "managed",
      "type": "aws_eip",
      "name": "elastic-ip",
      "provider": "provider[\"registry.terraform.io/hashicorp/aws\"]",
      "instances": [
        {
          "schema_version": 0,
          "attributes": {
            "address": null,
            "allocation_id": "eipalloc-0bb7d486a10cf68f0",
            "associate_with_private_ip": null,
            "association_id": "eipassoc-0d78cb8ed93f33619",
            "carrier_ip": "",
            "customer_owned_ip": "",
            "customer_owned_ipv4_pool": "",
            "domain": "vpc",
            "id": "eipalloc-0bb7d486a10cf68f0",
            "instance": "",
            "network_border_group": "eu-west-1",
            "network_interface": "eni-0ac51f454e795500d",
            "private_dns": "ip-10-0-1-154.eu-west-1.compute.internal",
            "private_ip": "10.0.1.154",
            "public_dns": "ec2-34-253-125-76.eu-west-1.compute.amazonaws.com",
            "public_ip": "34.253.125.76",
            "public_ipv4_pool": "amazon",
            "tags": {},
            "tags_all": {},
            "timeouts": null,
            "vpc": true
          },
          "sensitive_attributes": [],
          "private": "eyJlMmJmYjczMC1lY2FhLTExZTYtOGY4OC0zNDM2M2JjN2M0YzAiOnsiZGVsZXRlIjoxODAwMDAwMDAwMDAsInJlYWQiOjkwMDAwMDAwMDAwMCwidXBkYXRlIjozMDAwMDAwMDAwMDB9fQ==",
          "dependencies": [
            "aws_internet_gateway.gw",
            "aws_vpc.main"
          ]
        }
      ]
    },
    {
      "mode": "managed",
      "type": "aws_internet_gateway",
      "name": "gw",
      "provider": "provider[\"registry.terraform.io/hashicorp/aws\"]",
      "instances": [
        {
          "schema_version": 0,
          "attributes": {
            "arn": "arn:aws:ec2:eu-west-1:734486874644:internet-gateway/igw-037a25cd814cf1373",
            "id": "igw-037a25cd814cf1373",
            "owner_id": "734486874644",
            "tags": {
              "Name": "dash-internet-gateway"
            },
            "tags_all": {
              "Name": "dash-internet-gateway"
            },
            "vpc_id": "vpc-04fa5d7a1bc0d5e18"
          },
          "sensitive_attributes": [],
          "private": "bnVsbA==",
          "dependencies": [
            "aws_vpc.main"
          ]
        }
      ]
    },
    {
      "mode": "managed",
      "type": "aws_nat_gateway",
      "name": "dash-public-nat-gateway",
      "provider": "provider[\"registry.terraform.io/hashicorp/aws\"]",
      "instances": [
        {
          "schema_version": 0,
          "attributes": {
            "allocation_id": "eipalloc-0bb7d486a10cf68f0",
            "connectivity_type": "public",
            "id": "nat-0df3011dc187fff40",
            "network_interface_id": "eni-0ac51f454e795500d",
            "private_ip": "10.0.1.154",
            "public_ip": "34.253.125.76",
            "subnet_id": "subnet-0327c368c2a825148",
            "tags": {
              "Name": "dash-public-nat-gateway"
            },
            "tags_all": {
              "Name": "dash-public-nat-gateway"
            }
          },
          "sensitive_attributes": [],
          "private": "bnVsbA==",
          "dependencies": [
            "aws_eip.elastic-ip",
            "aws_internet_gateway.gw",
            "aws_subnet.public-subet-zone-a",
            "aws_vpc.main"
          ]
        }
      ]
    },
    {
      "mode": "managed",
      "type": "aws_route_table",
      "name": "private-route-table",
      "provider": "provider[\"registry.terraform.io/hashicorp/aws\"]",
      "instances": [
        {
          "schema_version": 0,
          "attributes": {
            "arn": "arn:aws:ec2:eu-west-1:734486874644:route-table/rtb-0592391326278cb7d",
            "id": "rtb-0592391326278cb7d",
            "owner_id": "734486874644",
            "propagating_vgws": [],
            "route": [
              {
                "carrier_gateway_id": "",
                "cidr_block": "0.0.0.0/0",
                "destination_prefix_list_id": "",
                "egress_only_gateway_id": "",
                "gateway_id": "nat-0df3011dc187fff40",
                "instance_id": "",
                "ipv6_cidr_block": "",
                "local_gateway_id": "",
                "nat_gateway_id": "",
                "network_interface_id": "",
                "transit_gateway_id": "",
                "vpc_endpoint_id": "",
                "vpc_peering_connection_id": ""
              }
            ],
            "tags": {
              "Name": "dash-private-route-table"
            },
            "tags_all": {
              "Name": "dash-private-route-table"
            },
            "timeouts": null,
            "vpc_id": "vpc-04fa5d7a1bc0d5e18"
          },
          "sensitive_attributes": [],
          "private": "eyJlMmJmYjczMC1lY2FhLTExZTYtOGY4OC0zNDM2M2JjN2M0YzAiOnsiY3JlYXRlIjozMDAwMDAwMDAwMDAsImRlbGV0ZSI6MzAwMDAwMDAwMDAwLCJ1cGRhdGUiOjEyMDAwMDAwMDAwMH19",
          "dependencies": [
            "aws_nat_gateway.dash-public-nat-gateway",
            "aws_vpc.main"
          ]
        }
      ]
    },
    {
      "mode": "managed",
      "type": "aws_route_table",
      "name": "public-route-table",
      "provider": "provider[\"registry.terraform.io/hashicorp/aws\"]",
      "instances": [
        {
          "schema_version": 0,
          "attributes": {
            "arn": "arn:aws:ec2:eu-west-1:734486874644:route-table/rtb-043bfa9d2403bc031",
            "id": "rtb-043bfa9d2403bc031",
            "owner_id": "734486874644",
            "propagating_vgws": [],
            "route": [
              {
                "carrier_gateway_id": "",
                "cidr_block": "0.0.0.0/0",
                "destination_prefix_list_id": "",
                "egress_only_gateway_id": "",
                "gateway_id": "igw-037a25cd814cf1373",
                "instance_id": "",
                "ipv6_cidr_block": "",
                "local_gateway_id": "",
                "nat_gateway_id": "",
                "network_interface_id": "",
                "transit_gateway_id": "",
                "vpc_endpoint_id": "",
                "vpc_peering_connection_id": ""
              }
            ],
            "tags": {
              "Name": "dash-public-route-table"
            },
            "tags_all": {
              "Name": "dash-public-route-table"
            },
            "timeouts": null,
            "vpc_id": "vpc-04fa5d7a1bc0d5e18"
          },
          "sensitive_attributes": [],
          "private": "eyJlMmJmYjczMC1lY2FhLTExZTYtOGY4OC0zNDM2M2JjN2M0YzAiOnsiY3JlYXRlIjozMDAwMDAwMDAwMDAsImRlbGV0ZSI6MzAwMDAwMDAwMDAwLCJ1cGRhdGUiOjEyMDAwMDAwMDAwMH19",
          "dependencies": [
            "aws_internet_gateway.gw",
            "aws_vpc.main"
          ]
        }
      ]
    },
    {
      "mode": "managed",
      "type": "aws_route_table_association",
      "name": "private-subnet-public-route-table-a",
      "provider": "provider[\"registry.terraform.io/hashicorp/aws\"]",
      "instances": [
        {
          "schema_version": 0,
          "attributes": {
            "gateway_id": "",
            "id": "rtbassoc-02933cc01b37437ec",
            "route_table_id": "rtb-0592391326278cb7d",
            "subnet_id": "subnet-08fde86704e00fc05"
          },
          "sensitive_attributes": [],
          "private": "bnVsbA==",
          "dependencies": [
            "aws_eip.elastic-ip",
            "aws_internet_gateway.gw",
            "aws_nat_gateway.dash-public-nat-gateway",
            "aws_route_table.private-route-table",
            "aws_subnet.private-subet-zone-a",
            "aws_subnet.public-subet-zone-a",
            "aws_vpc.main"
          ]
        }
      ]
    },
    {
      "mode": "managed",
      "type": "aws_route_table_association",
      "name": "private-subnet-public-route-table-b",
      "provider": "provider[\"registry.terraform.io/hashicorp/aws\"]",
      "instances": [
        {
          "schema_version": 0,
          "attributes": {
            "gateway_id": "",
            "id": "rtbassoc-0151e1cfc3d381471",
            "route_table_id": "rtb-0592391326278cb7d",
            "subnet_id": "subnet-0f1aa1b2e59cc42c9"
          },
          "sensitive_attributes": [],
          "private": "bnVsbA==",
          "dependencies": [
            "aws_eip.elastic-ip",
            "aws_internet_gateway.gw",
            "aws_nat_gateway.dash-public-nat-gateway",
            "aws_route_table.private-route-table",
            "aws_subnet.private-subet-zone-b",
            "aws_subnet.public-subet-zone-a",
            "aws_vpc.main"
          ]
        }
      ]
    },
    {
      "mode": "managed",
      "type": "aws_route_table_association",
      "name": "public-subnet-public-route-table-a",
      "provider": "provider[\"registry.terraform.io/hashicorp/aws\"]",
      "instances": [
        {
          "schema_version": 0,
          "attributes": {
            "gateway_id": "",
            "id": "rtbassoc-00640dfe10a2ad167",
            "route_table_id": "rtb-043bfa9d2403bc031",
            "subnet_id": "subnet-0327c368c2a825148"
          },
          "sensitive_attributes": [],
          "private": "bnVsbA==",
          "dependencies": [
            "aws_internet_gateway.gw",
            "aws_route_table.public-route-table",
            "aws_subnet.public-subet-zone-a",
            "aws_vpc.main"
          ]
        }
      ]
    },
    {
      "mode": "managed",
      "type": "aws_route_table_association",
      "name": "public-subnet-public-route-table-b",
      "provider": "provider[\"registry.terraform.io/hashicorp/aws\"]",
      "instances": [
        {
          "schema_version": 0,
          "attributes": {
            "gateway_id": "",
            "id": "rtbassoc-09adc86da9b9f20aa",
            "route_table_id": "rtb-043bfa9d2403bc031",
            "subnet_id": "subnet-073e0e6eea151ee2e"
          },
          "sensitive_attributes": [],
          "private": "bnVsbA==",
          "dependencies": [
            "aws_internet_gateway.gw",
            "aws_route_table.public-route-table",
            "aws_subnet.public-subet-zone-b",
            "aws_vpc.main"
          ]
        }
      ]
    },
    {
      "mode": "managed",
      "type": "aws_security_group",
      "name": "Dash-SG",
      "provider": "provider[\"registry.terraform.io/hashicorp/aws\"]",
      "instances": [
        {
          "status": "tainted",
          "schema_version": 1,
          "attributes": {
            "arn": null,
            "description": "SG to allow access from load balancer security group on port 8050",
            "egress": [],
            "id": "sg-0525cfa1af6bb475f",
            "ingress": [
              {
                "cidr_blocks": [],
                "description": "Allow access from load balancer security group",
                "from_port": 8050,
                "ipv6_cidr_blocks": [],
                "prefix_list_ids": [],
                "protocol": "tcp",
                "security_groups": [
                  "Load-Balancer-SG"
                ],
                "self": false,
                "to_port": 8050
              }
            ],
            "name": "Dash-SG",
            "name_prefix": null,
            "owner_id": null,
            "revoke_rules_on_delete": false,
            "tags": {
              "Name": "Dash-SG"
            },
            "tags_all": {
              "Name": "Dash-SG"
            },
            "timeouts": null,
            "vpc_id": "vpc-04fa5d7a1bc0d5e18"
          },
          "sensitive_attributes": [],
          "private": "eyJlMmJmYjczMC1lY2FhLTExZTYtOGY4OC0zNDM2M2JjN2M0YzAiOnsiY3JlYXRlIjo2MDAwMDAwMDAwMDAsImRlbGV0ZSI6OTAwMDAwMDAwMDAwfSwic2NoZW1hX3ZlcnNpb24iOiIxIn0=",
          "dependencies": [
            "aws_security_group.Load-Balancer-SG",
            "aws_vpc.main"
          ]
        }
      ]
    },
    {
      "mode": "managed",
      "type": "aws_security_group",
      "name": "Load-Balancer-SG",
      "provider": "provider[\"registry.terraform.io/hashicorp/aws\"]",
      "instances": [
        {
          "schema_version": 1,
          "attributes": {
            "arn": "arn:aws:ec2:eu-west-1:734486874644:security-group/sg-0cefa1f5d6abca767",
            "description": "SG to allow access from everywhere on port 80",
            "egress": [],
            "id": "sg-0cefa1f5d6abca767",
            "ingress": [
              {
                "cidr_blocks": [
                  "0.0.0.0/0"
                ],
                "description": "Allow access from everywhere",
                "from_port": 80,
                "ipv6_cidr_blocks": [],
                "prefix_list_ids": [],
                "protocol": "tcp",
                "security_groups": [],
                "self": false,
                "to_port": 80
              }
            ],
            "name": "Load-Balancer-SG",
            "name_prefix": "",
            "owner_id": "734486874644",
            "revoke_rules_on_delete": false,
            "tags": {
              "Name": "Load-Balancer-SG"
            },
            "tags_all": {
              "Name": "Load-Balancer-SG"
            },
            "timeouts": null,
            "vpc_id": "vpc-04fa5d7a1bc0d5e18"
          },
          "sensitive_attributes": [],
          "private": "eyJlMmJmYjczMC1lY2FhLTExZTYtOGY4OC0zNDM2M2JjN2M0YzAiOnsiY3JlYXRlIjo2MDAwMDAwMDAwMDAsImRlbGV0ZSI6OTAwMDAwMDAwMDAwfSwic2NoZW1hX3ZlcnNpb24iOiIxIn0=",
          "dependencies": [
            "aws_vpc.main"
          ]
        }
      ]
    },
    {
      "mode": "managed",
      "type": "aws_subnet",
      "name": "private-subet-zone-a",
      "provider": "provider[\"registry.terraform.io/hashicorp/aws\"]",
      "instances": [
        {
          "schema_version": 1,
          "attributes": {
            "arn": "arn:aws:ec2:eu-west-1:734486874644:subnet/subnet-08fde86704e00fc05",
            "assign_ipv6_address_on_creation": false,
            "availability_zone": "eu-west-1a",
            "availability_zone_id": "euw1-az1",
            "cidr_block": "10.0.128.0/20",
            "customer_owned_ipv4_pool": "",
            "enable_dns64": false,
            "enable_resource_name_dns_a_record_on_launch": false,
            "enable_resource_name_dns_aaaa_record_on_launch": false,
            "id": "subnet-08fde86704e00fc05",
            "ipv6_cidr_block": "",
            "ipv6_cidr_block_association_id": "",
            "ipv6_native": false,
            "map_customer_owned_ip_on_launch": false,
            "map_public_ip_on_launch": false,
            "outpost_arn": "",
            "owner_id": "734486874644",
            "private_dns_hostname_type_on_launch": "ip-name",
            "tags": {
              "Name": "dash-private-subnet-1"
            },
            "tags_all": {
              "Name": "dash-private-subnet-1"
            },
            "timeouts": null,
            "vpc_id": "vpc-04fa5d7a1bc0d5e18"
          },
          "sensitive_attributes": [],
          "private": "eyJlMmJmYjczMC1lY2FhLTExZTYtOGY4OC0zNDM2M2JjN2M0YzAiOnsiY3JlYXRlIjo2MDAwMDAwMDAwMDAsImRlbGV0ZSI6MTIwMDAwMDAwMDAwMH0sInNjaGVtYV92ZXJzaW9uIjoiMSJ9",
          "dependencies": [
            "aws_vpc.main"
          ]
        }
      ]
    },
    {
      "mode": "managed",
      "type": "aws_subnet",
      "name": "private-subet-zone-b",
      "provider": "provider[\"registry.terraform.io/hashicorp/aws\"]",
      "instances": [
        {
          "schema_version": 1,
          "attributes": {
            "arn": "arn:aws:ec2:eu-west-1:734486874644:subnet/subnet-0f1aa1b2e59cc42c9",
            "assign_ipv6_address_on_creation": false,
            "availability_zone": "eu-west-1b",
            "availability_zone_id": "euw1-az2",
            "cidr_block": "10.0.144.0/20",
            "customer_owned_ipv4_pool": "",
            "enable_dns64": false,
            "enable_resource_name_dns_a_record_on_launch": false,
            "enable_resource_name_dns_aaaa_record_on_launch": false,
            "id": "subnet-0f1aa1b2e59cc42c9",
            "ipv6_cidr_block": "",
            "ipv6_cidr_block_association_id": "",
            "ipv6_native": false,
            "map_customer_owned_ip_on_launch": false,
            "map_public_ip_on_launch": false,
            "outpost_arn": "",
            "owner_id": "734486874644",
            "private_dns_hostname_type_on_launch": "ip-name",
            "tags": {
              "Name": "dash-private-subnet-2"
            },
            "tags_all": {
              "Name": "dash-private-subnet-2"
            },
            "timeouts": null,
            "vpc_id": "vpc-04fa5d7a1bc0d5e18"
          },
          "sensitive_attributes": [],
          "private": "eyJlMmJmYjczMC1lY2FhLTExZTYtOGY4OC0zNDM2M2JjN2M0YzAiOnsiY3JlYXRlIjo2MDAwMDAwMDAwMDAsImRlbGV0ZSI6MTIwMDAwMDAwMDAwMH0sInNjaGVtYV92ZXJzaW9uIjoiMSJ9",
          "dependencies": [
            "aws_vpc.main"
          ]
        }
      ]
    },
    {
      "mode": "managed",
      "type": "aws_subnet",
      "name": "public-subet-zone-a",
      "provider": "provider[\"registry.terraform.io/hashicorp/aws\"]",
      "instances": [
        {
          "schema_version": 1,
          "attributes": {
            "arn": "arn:aws:ec2:eu-west-1:734486874644:subnet/subnet-0327c368c2a825148",
            "assign_ipv6_address_on_creation": false,
            "availability_zone": "eu-west-1a",
            "availability_zone_id": "euw1-az1",
            "cidr_block": "10.0.0.0/20",
            "customer_owned_ipv4_pool": "",
            "enable_dns64": false,
            "enable_resource_name_dns_a_record_on_launch": false,
            "enable_resource_name_dns_aaaa_record_on_launch": false,
            "id": "subnet-0327c368c2a825148",
            "ipv6_cidr_block": "",
            "ipv6_cidr_block_association_id": "",
            "ipv6_native": false,
            "map_customer_owned_ip_on_launch": false,
            "map_public_ip_on_launch": false,
            "outpost_arn": "",
            "owner_id": "734486874644",
            "private_dns_hostname_type_on_launch": "ip-name",
            "tags": {
              "Name": "dash-public-subnet-1"
            },
            "tags_all": {
              "Name": "dash-public-subnet-1"
            },
            "timeouts": null,
            "vpc_id": "vpc-04fa5d7a1bc0d5e18"
          },
          "sensitive_attributes": [],
          "private": "eyJlMmJmYjczMC1lY2FhLTExZTYtOGY4OC0zNDM2M2JjN2M0YzAiOnsiY3JlYXRlIjo2MDAwMDAwMDAwMDAsImRlbGV0ZSI6MTIwMDAwMDAwMDAwMH0sInNjaGVtYV92ZXJzaW9uIjoiMSJ9",
          "dependencies": [
            "aws_vpc.main"
          ]
        }
      ]
    },
    {
      "mode": "managed",
      "type": "aws_subnet",
      "name": "public-subet-zone-b",
      "provider": "provider[\"registry.terraform.io/hashicorp/aws\"]",
      "instances": [
        {
          "schema_version": 1,
          "attributes": {
            "arn": "arn:aws:ec2:eu-west-1:734486874644:subnet/subnet-073e0e6eea151ee2e",
            "assign_ipv6_address_on_creation": false,
            "availability_zone": "eu-west-1b",
            "availability_zone_id": "euw1-az2",
            "cidr_block": "10.0.16.0/20",
            "customer_owned_ipv4_pool": "",
            "enable_dns64": false,
            "enable_resource_name_dns_a_record_on_launch": false,
            "enable_resource_name_dns_aaaa_record_on_launch": false,
            "id": "subnet-073e0e6eea151ee2e",
            "ipv6_cidr_block": "",
            "ipv6_cidr_block_association_id": "",
            "ipv6_native": false,
            "map_customer_owned_ip_on_launch": false,
            "map_public_ip_on_launch": false,
            "outpost_arn": "",
            "owner_id": "734486874644",
            "private_dns_hostname_type_on_launch": "ip-name",
            "tags": {
              "Name": "dash-public-subnet-2"
            },
            "tags_all": {
              "Name": "dash-public-subnet-2"
            },
            "timeouts": null,
            "vpc_id": "vpc-04fa5d7a1bc0d5e18"
          },
          "sensitive_attributes": [],
          "private": "eyJlMmJmYjczMC1lY2FhLTExZTYtOGY4OC0zNDM2M2JjN2M0YzAiOnsiY3JlYXRlIjo2MDAwMDAwMDAwMDAsImRlbGV0ZSI6MTIwMDAwMDAwMDAwMH0sInNjaGVtYV92ZXJzaW9uIjoiMSJ9",
          "dependencies": [
            "aws_vpc.main"
          ]
        }
      ]
    },
    {
      "mode": "managed",
      "type": "aws_vpc",
      "name": "main",
      "provider": "provider[\"registry.terraform.io/hashicorp/aws\"]",
      "instances": [
        {
          "schema_version": 1,
          "attributes": {
            "arn": "arn:aws:ec2:eu-west-1:734486874644:vpc/vpc-04fa5d7a1bc0d5e18",
            "assign_generated_ipv6_cidr_block": false,
            "cidr_block": "10.0.0.0/16",
            "default_network_acl_id": "acl-0c749f3d8a89cdc93",
            "default_route_table_id": "rtb-0ba5d4e8cf246323e",
            "default_security_group_id": "sg-089d39fe264c5c7e2",
            "dhcp_options_id": "dopt-e6a9b584",
            "enable_classiclink": false,
            "enable_classiclink_dns_support": false,
            "enable_dns_hostnames": false,
            "enable_dns_support": true,
            "id": "vpc-04fa5d7a1bc0d5e18",
            "instance_tenancy": "default",
            "ipv4_ipam_pool_id": null,
            "ipv4_netmask_length": null,
            "ipv6_association_id": "",
            "ipv6_cidr_block": "",
            "ipv6_cidr_block_network_border_group": "",
            "ipv6_ipam_pool_id": "",
            "ipv6_netmask_length": 0,
            "main_route_table_id": "rtb-0ba5d4e8cf246323e",
            "owner_id": "734486874644",
            "tags": {
              "Name": "dash-vpc"
            },
            "tags_all": {
              "Name": "dash-vpc"
            }
          },
          "sensitive_attributes": [],
          "private": "eyJzY2hlbWFfdmVyc2lvbiI6IjEifQ=="
        }
      ]
    }
  ]
}
